
Microsoft Visual Studio Solution File, Format Version 12.00
# Visual Studio Version 17
VisualStudioVersion = 17.1.32210.238
MinimumVisualStudioVersion = 10.0.40219.1
Project("{9A19103F-16F7-4668-BE54-9A1E7A4F7556}") = "WordSplitter", "WordSplitter.csproj", "{CE96A3FD-5BB6-49F9-9F06-0519B8C3D517}"
EndProject
Global
	GlobalSection(SolutionConfigurationPlatforms) = preSolution
		Debug|Any CPU = Debug|Any CPU
		Release|Any CPU = Release|Any CPU
	EndGlobalSection
	GlobalSection(ProjectConfigurationPlatforms) = postSolution
		{CE96A3FD-5BB6-49F9-9F06-0519B8C3D517}.Debug|Any CPU.ActiveCfg = Debug|Any CPU
		{CE96A3FD-5BB6-49F9-9F06-0519B8C3D517}.Debug|Any CPU.Build.0 = Debug|Any CPU
		{CE96A3FD-5BB6-49F9-9F06-0519B8C3D517}.Release|Any CPU.ActiveCfg = Release|Any CPU
		{CE96A3FD-5BB6-49F9-9F06-0519B8C3D517}.Release|Any CPU.Build.0 = Release|Any CPU
	EndGlobalSection
	GlobalSection(SolutionProperties) = preSolution
		HideSolutionNode = FALSE
	EndGlobalSection
	GlobalSection(ExtensibilityGlobals) = postSolution
		SolutionGuid = {F0D7A879-687F-4BDE-9CDA-0F59B05D75B5}
	EndGlobalSection
EndGlobal
